
Microsoft Visual Studio Solution File, Format Version 12.00
# Visual Studio Version 17
VisualStudioVersion = 17.13.35931.197
MinimumVisualStudioVersion = 10.0.40219.1
Project("{FAE04EC0-301F-11D3-BF4B-00C04F79EFBC}") = "GestionEventosUTN.", "GestionEventosUTN\GestionEventosUTN..csproj", "{47AB4622-BCE5-4243-AA7D-4BFE83D5F56B}"
EndProject
Project("{FAE04EC0-301F-11D3-BF4B-00C04F79EFBC}") = "Libreria.Modelo", "Libreria.Modelo\Libreria.Modelo.csproj", "{CCF38F6B-6A0E-4AE4-A1BE-4F7FB7FCCFF6}"
EndProject
Global
	GlobalSection(SolutionConfigurationPlatforms) = preSolution
		Debug|Any CPU = Debug|Any CPU
		Release|Any CPU = Release|Any CPU
	EndGlobalSection
	GlobalSection(ProjectConfigurationPlatforms) = postSolution
		{47AB4622-BCE5-4243-AA7D-4BFE83D5F56B}.Debug|Any CPU.ActiveCfg = Debug|Any CPU
		{47AB4622-BCE5-4243-AA7D-4BFE83D5F56B}.Debug|Any CPU.Build.0 = Debug|Any CPU
		{47AB4622-BCE5-4243-AA7D-4BFE83D5F56B}.Release|Any CPU.ActiveCfg = Release|Any CPU
		{47AB4622-BCE5-4243-AA7D-4BFE83D5F56B}.Release|Any CPU.Build.0 = Release|Any CPU
		{CCF38F6B-6A0E-4AE4-A1BE-4F7FB7FCCFF6}.Debug|Any CPU.ActiveCfg = Debug|Any CPU
		{CCF38F6B-6A0E-4AE4-A1BE-4F7FB7FCCFF6}.Debug|Any CPU.Build.0 = Debug|Any CPU
		{CCF38F6B-6A0E-4AE4-A1BE-4F7FB7FCCFF6}.Release|Any CPU.ActiveCfg = Release|Any CPU
		{CCF38F6B-6A0E-4AE4-A1BE-4F7FB7FCCFF6}.Release|Any CPU.Build.0 = Release|Any CPU
	EndGlobalSection
	GlobalSection(SolutionProperties) = preSolution
		HideSolutionNode = FALSE
	EndGlobalSection
	GlobalSection(ExtensibilityGlobals) = postSolution
		SolutionGuid = {BEAD76A1-A7B6-4997-BC47-00E9F07824F7}
	EndGlobalSection
EndGlobal
